
Microsoft Visual Studio Solution File, Format Version 12.00
# Visual Studio Version 17
VisualStudioVersion = 17.0.31903.59
MinimumVisualStudioVersion = 10.0.40219.1
Project("{FAE04EC0-301F-11D3-BF4B-00C04F79EFBC}") = "API", "API\API.csproj", "{0B24D122-2058-42EE-862A-4AFAF2874919}"
EndProject
Project("{FAE04EC0-301F-11D3-BF4B-00C04F79EFBC}") = "Application", "Application\Application.csproj", "{4AB14FD9-B815-4A06-99E1-74B3FC57A8FE}"
EndProject
Project("{FAE04EC0-301F-11D3-BF4B-00C04F79EFBC}") = "Domain", "Domain\Domain.csproj", "{5B5CFCAF-A6CD-42B5-98C5-E8156EAA8093}"
EndProject
Project("{FAE04EC0-301F-11D3-BF4B-00C04F79EFBC}") = "Persistence", "Persistence\Persistence.csproj", "{CE085F4F-A71A-4478-B7E7-4D70BC359E8B}"
EndProject
Project("{FAE04EC0-301F-11D3-BF4B-00C04F79EFBC}") = "Infrastructure", "Infrastructure\Infrastructure.csproj", "{847D89CA-63A9-45F2-957E-92276BB6D3A8}"
EndProject
Global
	GlobalSection(SolutionConfigurationPlatforms) = preSolution
		Debug|Any CPU = Debug|Any CPU
		Release|Any CPU = Release|Any CPU
	EndGlobalSection
	GlobalSection(SolutionProperties) = preSolution
		HideSolutionNode = FALSE
	EndGlobalSection
	GlobalSection(ProjectConfigurationPlatforms) = postSolution
		{0B24D122-2058-42EE-862A-4AFAF2874919}.Debug|Any CPU.ActiveCfg = Debug|Any CPU
		{0B24D122-2058-42EE-862A-4AFAF2874919}.Debug|Any CPU.Build.0 = Debug|Any CPU
		{0B24D122-2058-42EE-862A-4AFAF2874919}.Release|Any CPU.ActiveCfg = Release|Any CPU
		{0B24D122-2058-42EE-862A-4AFAF2874919}.Release|Any CPU.Build.0 = Release|Any CPU
		{4AB14FD9-B815-4A06-99E1-74B3FC57A8FE}.Debug|Any CPU.ActiveCfg = Debug|Any CPU
		{4AB14FD9-B815-4A06-99E1-74B3FC57A8FE}.Debug|Any CPU.Build.0 = Debug|Any CPU
		{4AB14FD9-B815-4A06-99E1-74B3FC57A8FE}.Release|Any CPU.ActiveCfg = Release|Any CPU
		{4AB14FD9-B815-4A06-99E1-74B3FC57A8FE}.Release|Any CPU.Build.0 = Release|Any CPU
		{5B5CFCAF-A6CD-42B5-98C5-E8156EAA8093}.Debug|Any CPU.ActiveCfg = Debug|Any CPU
		{5B5CFCAF-A6CD-42B5-98C5-E8156EAA8093}.Debug|Any CPU.Build.0 = Debug|Any CPU
		{5B5CFCAF-A6CD-42B5-98C5-E8156EAA8093}.Release|Any CPU.ActiveCfg = Release|Any CPU
		{5B5CFCAF-A6CD-42B5-98C5-E8156EAA8093}.Release|Any CPU.Build.0 = Release|Any CPU
		{CE085F4F-A71A-4478-B7E7-4D70BC359E8B}.Debug|Any CPU.ActiveCfg = Debug|Any CPU
		{CE085F4F-A71A-4478-B7E7-4D70BC359E8B}.Debug|Any CPU.Build.0 = Debug|Any CPU
		{CE085F4F-A71A-4478-B7E7-4D70BC359E8B}.Release|Any CPU.ActiveCfg = Release|Any CPU
		{CE085F4F-A71A-4478-B7E7-4D70BC359E8B}.Release|Any CPU.Build.0 = Release|Any CPU
		{847D89CA-63A9-45F2-957E-92276BB6D3A8}.Debug|Any CPU.ActiveCfg = Debug|Any CPU
		{847D89CA-63A9-45F2-957E-92276BB6D3A8}.Debug|Any CPU.Build.0 = Debug|Any CPU
		{847D89CA-63A9-45F2-957E-92276BB6D3A8}.Release|Any CPU.ActiveCfg = Release|Any CPU
		{847D89CA-63A9-45F2-957E-92276BB6D3A8}.Release|Any CPU.Build.0 = Release|Any CPU
	EndGlobalSection
EndGlobal
